{
  "name": "javascript-module-fundamentals",
  "version": "1.0.0",
  "lockfileVersion": 1,
  "dependencies": {
    "bootstrap": {
      "version": "3.3.7",
      "resolved": "http://registry.npm.taobao.org/bootstrap/download/bootstrap-3.3.7.tgz",
      "integrity": "sha1-WjiTlFSfIzMIdaOxUGVldPip63E="
    },
    "requirejs": {
      "version": "2.3.3",
      "resolved": "http://registry.npm.taobao.org/requirejs/download/requirejs-2.3.3.tgz",
      "integrity": "sha1-qln9OgKH6vQHlZoTgigES13WpqM="
    },
    "systemjs": {
      "version": "0.20.15",
      "resolved": "http://registry.npm.taobao.org/systemjs/download/systemjs-0.20.15.tgz",
      "integrity": "sha1-ziyCgvnK7lNoBLJ3g0iocjsZF3Q="
    }
  }
}
